
Microsoft Visual Studio Solution File, Format Version 12.00
# Visual Studio 14
VisualStudioVersion = 14.0.25420.1
MinimumVisualStudioVersion = 10.0.40219.1
Project("{FAE04EC0-301F-11D3-BF4B-00C04F79EFBC}") = "NumerosAleatorios", "NumerosAleatorios\NumerosAleatorios.csproj", "{F2F596E8-1733-4456-97DE-498A870DBB74}"
EndProject
Project("{FAE04EC0-301F-11D3-BF4B-00C04F79EFBC}") = "Generadores", "Generadores\Generadores.csproj", "{9C08090E-69DC-4967-AEC2-DF11BDF20BBD}"
EndProject
Global
	GlobalSection(SolutionConfigurationPlatforms) = preSolution
		Debug|Any CPU = Debug|Any CPU
		Release|Any CPU = Release|Any CPU
	EndGlobalSection
	GlobalSection(ProjectConfigurationPlatforms) = postSolution
		{F2F596E8-1733-4456-97DE-498A870DBB74}.Debug|Any CPU.ActiveCfg = Debug|Any CPU
		{F2F596E8-1733-4456-97DE-498A870DBB74}.Debug|Any CPU.Build.0 = Debug|Any CPU
		{F2F596E8-1733-4456-97DE-498A870DBB74}.Release|Any CPU.ActiveCfg = Release|Any CPU
		{F2F596E8-1733-4456-97DE-498A870DBB74}.Release|Any CPU.Build.0 = Release|Any CPU
		{9C08090E-69DC-4967-AEC2-DF11BDF20BBD}.Debug|Any CPU.ActiveCfg = Debug|Any CPU
		{9C08090E-69DC-4967-AEC2-DF11BDF20BBD}.Debug|Any CPU.Build.0 = Debug|Any CPU
		{9C08090E-69DC-4967-AEC2-DF11BDF20BBD}.Release|Any CPU.ActiveCfg = Release|Any CPU
		{9C08090E-69DC-4967-AEC2-DF11BDF20BBD}.Release|Any CPU.Build.0 = Release|Any CPU
	EndGlobalSection
	GlobalSection(SolutionProperties) = preSolution
		HideSolutionNode = FALSE
	EndGlobalSection
EndGlobal
